
Microsoft Visual Studio Solution File, Format Version 12.00
# Visual Studio Version 16
VisualStudioVersion = 16.0.32901.82
MinimumVisualStudioVersion = 10.0.40219.1
Project("{9A19103F-16F7-4668-BE54-9A1E7A4F7556}") = "InheritanceEtc", "InheritanceAccesmodifiersNamespacesEtc\InheritanceEtc.csproj", "{1C1EDB9B-44A8-442C-A3E3-DFD01C647DF8}"
EndProject
Project("{FAE04EC0-301F-11D3-BF4B-00C04F79EFBC}") = "Domain", "Domain\Domain.csproj", "{DEB0B0EF-741E-499D-9EE0-E0F9E6CA3135}"
EndProject
Global
	GlobalSection(SolutionConfigurationPlatforms) = preSolution
		Debug|Any CPU = Debug|Any CPU
		Release|Any CPU = Release|Any CPU
	EndGlobalSection
	GlobalSection(ProjectConfigurationPlatforms) = postSolution
		{1C1EDB9B-44A8-442C-A3E3-DFD01C647DF8}.Debug|Any CPU.ActiveCfg = Debug|Any CPU
		{1C1EDB9B-44A8-442C-A3E3-DFD01C647DF8}.Debug|Any CPU.Build.0 = Debug|Any CPU
		{1C1EDB9B-44A8-442C-A3E3-DFD01C647DF8}.Release|Any CPU.ActiveCfg = Release|Any CPU
		{1C1EDB9B-44A8-442C-A3E3-DFD01C647DF8}.Release|Any CPU.Build.0 = Release|Any CPU
		{DEB0B0EF-741E-499D-9EE0-E0F9E6CA3135}.Debug|Any CPU.ActiveCfg = Debug|Any CPU
		{DEB0B0EF-741E-499D-9EE0-E0F9E6CA3135}.Debug|Any CPU.Build.0 = Debug|Any CPU
		{DEB0B0EF-741E-499D-9EE0-E0F9E6CA3135}.Release|Any CPU.ActiveCfg = Release|Any CPU
		{DEB0B0EF-741E-499D-9EE0-E0F9E6CA3135}.Release|Any CPU.Build.0 = Release|Any CPU
	EndGlobalSection
	GlobalSection(SolutionProperties) = preSolution
		HideSolutionNode = FALSE
	EndGlobalSection
	GlobalSection(ExtensibilityGlobals) = postSolution
		SolutionGuid = {1ECFFEC3-0A5B-491F-8294-D8F0F3C6D2B4}
	EndGlobalSection
EndGlobal
