
Microsoft Visual Studio Solution File, Format Version 12.00
# Visual Studio Version 16
VisualStudioVersion = 16.0.32901.82
MinimumVisualStudioVersion = 10.0.40219.1
Project("{FAE04EC0-301F-11D3-BF4B-00C04F79EFBC}") = "temprature", "temprature\temprature.csproj", "{D3620524-C7D6-40B4-A12B-BAB33D925592}"
EndProject
Global
	GlobalSection(SolutionConfigurationPlatforms) = preSolution
		Debug|Any CPU = Debug|Any CPU
		Release|Any CPU = Release|Any CPU
	EndGlobalSection
	GlobalSection(ProjectConfigurationPlatforms) = postSolution
		{D3620524-C7D6-40B4-A12B-BAB33D925592}.Debug|Any CPU.ActiveCfg = Debug|Any CPU
		{D3620524-C7D6-40B4-A12B-BAB33D925592}.Debug|Any CPU.Build.0 = Debug|Any CPU
		{D3620524-C7D6-40B4-A12B-BAB33D925592}.Release|Any CPU.ActiveCfg = Release|Any CPU
		{D3620524-C7D6-40B4-A12B-BAB33D925592}.Release|Any CPU.Build.0 = Release|Any CPU
	EndGlobalSection
	GlobalSection(SolutionProperties) = preSolution
		HideSolutionNode = FALSE
	EndGlobalSection
	GlobalSection(ExtensibilityGlobals) = postSolution
		SolutionGuid = {1CFB4C94-D6D1-4A43-A07E-A768E29FB5BB}
	EndGlobalSection
EndGlobal
