
Microsoft Visual Studio Solution File, Format Version 12.00
# Visual Studio Version 16
VisualStudioVersion = 16.0.32901.82
MinimumVisualStudioVersion = 10.0.40219.1
Project("{FAE04EC0-301F-11D3-BF4B-00C04F79EFBC}") = "CastingBoxingImplict", "CastingBoxingImplict\CastingBoxingImplict.csproj", "{C660209C-CAF5-479E-832D-C295A3D95AFB}"
EndProject
Project("{FAE04EC0-301F-11D3-BF4B-00C04F79EFBC}") = "Service", "Service\Service.csproj", "{8658BCDF-23FE-4107-BE60-93B8A5823AC7}"
EndProject
Global
	GlobalSection(SolutionConfigurationPlatforms) = preSolution
		Debug|Any CPU = Debug|Any CPU
		Release|Any CPU = Release|Any CPU
	EndGlobalSection
	GlobalSection(ProjectConfigurationPlatforms) = postSolution
		{C660209C-CAF5-479E-832D-C295A3D95AFB}.Debug|Any CPU.ActiveCfg = Debug|Any CPU
		{C660209C-CAF5-479E-832D-C295A3D95AFB}.Debug|Any CPU.Build.0 = Debug|Any CPU
		{C660209C-CAF5-479E-832D-C295A3D95AFB}.Release|Any CPU.ActiveCfg = Release|Any CPU
		{C660209C-CAF5-479E-832D-C295A3D95AFB}.Release|Any CPU.Build.0 = Release|Any CPU
		{8658BCDF-23FE-4107-BE60-93B8A5823AC7}.Debug|Any CPU.ActiveCfg = Debug|Any CPU
		{8658BCDF-23FE-4107-BE60-93B8A5823AC7}.Debug|Any CPU.Build.0 = Debug|Any CPU
		{8658BCDF-23FE-4107-BE60-93B8A5823AC7}.Release|Any CPU.ActiveCfg = Release|Any CPU
		{8658BCDF-23FE-4107-BE60-93B8A5823AC7}.Release|Any CPU.Build.0 = Release|Any CPU
	EndGlobalSection
	GlobalSection(SolutionProperties) = preSolution
		HideSolutionNode = FALSE
	EndGlobalSection
	GlobalSection(ExtensibilityGlobals) = postSolution
		SolutionGuid = {20A8797B-F030-4C04-BCB1-1E74CED71891}
	EndGlobalSection
EndGlobal
